
Microsoft Visual Studio Solution File, Format Version 12.00
# Visual Studio Version 16
VisualStudioVersion = 16.0.31025.194
MinimumVisualStudioVersion = 10.0.40219.1
Project("{FAE04EC0-301F-11D3-BF4B-00C04F79EFBC}") = "Numbers Countdown", "Numbers Countdown\Numbers Countdown.csproj", "{7358F38A-7C8F-489C-A892-EB27DD42BBAA}"
EndProject
Global
	GlobalSection(SolutionConfigurationPlatforms) = preSolution
		Debug|Any CPU = Debug|Any CPU
		Release|Any CPU = Release|Any CPU
	EndGlobalSection
	GlobalSection(ProjectConfigurationPlatforms) = postSolution
		{7358F38A-7C8F-489C-A892-EB27DD42BBAA}.Debug|Any CPU.ActiveCfg = Debug|Any CPU
		{7358F38A-7C8F-489C-A892-EB27DD42BBAA}.Debug|Any CPU.Build.0 = Debug|Any CPU
		{7358F38A-7C8F-489C-A892-EB27DD42BBAA}.Release|Any CPU.ActiveCfg = Release|Any CPU
		{7358F38A-7C8F-489C-A892-EB27DD42BBAA}.Release|Any CPU.Build.0 = Release|Any CPU
	EndGlobalSection
	GlobalSection(SolutionProperties) = preSolution
		HideSolutionNode = FALSE
	EndGlobalSection
	GlobalSection(ExtensibilityGlobals) = postSolution
		SolutionGuid = {E6F4C525-9E4D-435C-A82A-5108735B44EB}
	EndGlobalSection
EndGlobal
